%{
  "beam_notify": {:hex, :beam_notify, "1.1.0", "4ce38e27460a3c03b6f77c10c6f31458b035ebb1035cd52d4b3e771311837dba", [:make, :mix], [{:elixir_make, "~> 0.6", [hex: :elixir_make, repo: "hexpm", optional: false]}], "hexpm", "8547a310702bfcea0e401534398617b940808ff6ad10c43dddc85c169de7b9cc"},
  "castore": {:hex, :castore, "1.0.8", "dedcf20ea746694647f883590b82d9e96014057aff1d44d03ec90f36a5c0dc6e", [:mix], [], "hexpm", "0b2b66d2ee742cb1d9cb8c8be3b43c3a70ee8651f37b75a8b982e036752983f1"},
  "cc_precompiler": {:hex, :cc_precompiler, "0.1.10", "47c9c08d8869cf09b41da36538f62bc1abd3e19e41701c2cea2675b53c704258", [:mix], [{:elixir_make, "~> 0.7", [hex: :elixir_make, repo: "hexpm", optional: false]}], "hexpm", "f6e046254e53cd6b41c6bacd70ae728011aa82b2742a80d6e2214855c6e06b22"},
  "connection": {:hex, :connection, "1.1.0", "ff2a49c4b75b6fb3e674bfc5536451607270aac754ffd1bdfe175abe4a6d7a68", [:mix], [], "hexpm", "722c1eb0a418fbe91ba7bd59a47e28008a189d47e37e0e7bb85585a016b2869c"},
  "contex": {:hex, :contex, "0.5.0", "5d8a6defbeb41f54adfcb0f85c4756d4f2b84aa5b0d809d45a5d2e90d91d0392", [:mix], [{:nimble_strftime, "~> 0.1.0", [hex: :nimble_strftime, repo: "hexpm", optional: false]}], "hexpm", "b7497a1790324d84247859df44ba4bcf2489d9bba1812a5375b2f2046b9e6fd7"},
  "crontab": {:hex, :crontab, "1.1.13", "3bad04f050b9f7f1c237809e42223999c150656a6b2afbbfef597d56df2144c5", [:mix], [{:ecto, "~> 1.0 or ~> 2.0 or ~> 3.0", [hex: :ecto, repo: "hexpm", optional: true]}], "hexpm", "d67441bec989640e3afb94e123f45a2bc42d76e02988c9613885dc3d01cf7085"},
  "data_tracer": {:hex, :data_tracer, "0.1.1", "0a65621bf1ce6980f4800140b8c28e7de4902afce2f53b3f716ca19bdac77571", [:mix], [{:matcha, "~> 0.1", [hex: :matcha, repo: "hexpm", optional: false]}], "hexpm", "9347c8bb51aad4d52eaf0c312c090be752aacdab87e80ef7ab084d7fa3d6a31a"},
  "db_connection": {:hex, :db_connection, "2.7.0", "b99faa9291bb09892c7da373bb82cba59aefa9b36300f6145c5f201c7adf48ec", [:mix], [{:telemetry, "~> 0.4 or ~> 1.0", [hex: :telemetry, repo: "hexpm", optional: false]}], "hexpm", "dcf08f31b2701f857dfc787fbad78223d61a32204f217f15e881dd93e4bdd3ff"},
  "decimal": {:hex, :decimal, "2.1.1", "5611dca5d4b2c3dd497dec8f68751f1f1a54755e8ed2a966c2633cf885973ad6", [:mix], [], "hexpm", "53cfe5f497ed0e7771ae1a475575603d77425099ba5faef9394932b35020ffcc"},
  "dotenv_parser": {:hex, :dotenv_parser, "2.0.1", "7b2f02dd04f7f68458fe9942caf7de52a5dbada580fd87c722a8bed9f7fca0f2", [:mix], [], "hexpm", "f00780ad69e9089bd9b782e88d3e8110141dff0c54577b6c3735cef6925e4272"},
  "ecto": {:hex, :ecto, "3.11.2", "e1d26be989db350a633667c5cda9c3d115ae779b66da567c68c80cfb26a8c9ee", [:mix], [{:decimal, "~> 2.0", [hex: :decimal, repo: "hexpm", optional: false]}, {:jason, "~> 1.0", [hex: :jason, repo: "hexpm", optional: true]}, {:telemetry, "~> 0.4 or ~> 1.0", [hex: :telemetry, repo: "hexpm", optional: false]}], "hexpm", "3c38bca2c6f8d8023f2145326cc8a80100c3ffe4dcbd9842ff867f7fc6156c65"},
  "ecto_sql": {:hex, :ecto_sql, "3.11.3", "4eb7348ff8101fbc4e6bbc5a4404a24fecbe73a3372d16569526b0cf34ebc195", [:mix], [{:db_connection, "~> 2.4.1 or ~> 2.5", [hex: :db_connection, repo: "hexpm", optional: false]}, {:ecto, "~> 3.11.0", [hex: :ecto, repo: "hexpm", optional: false]}, {:myxql, "~> 0.6", [hex: :myxql, repo: "hexpm", optional: true]}, {:postgrex, "~> 0.16 or ~> 1.0", [hex: :postgrex, repo: "hexpm", optional: true]}, {:tds, "~> 2.1.1 or ~> 2.2", [hex: :tds, repo: "hexpm", optional: true]}, {:telemetry, "~> 0.4.0 or ~> 1.0", [hex: :telemetry, repo: "hexpm", optional: false]}], "hexpm", "e5f36e3d736b99c7fee3e631333b8394ade4bafe9d96d35669fca2d81c2be928"},
  "ecto_sqlite3": {:hex, :ecto_sqlite3, "0.15.1", "40f2fbd9e246455f8c42e7e0a77009ef806caa1b3ce6f717b2a0a80e8432fcfd", [:mix], [{:decimal, "~> 1.6 or ~> 2.0", [hex: :decimal, repo: "hexpm", optional: false]}, {:ecto, "~> 3.11", [hex: :ecto, repo: "hexpm", optional: false]}, {:ecto_sql, "~> 3.11", [hex: :ecto_sql, repo: "hexpm", optional: false]}, {:exqlite, "~> 0.19", [hex: :exqlite, repo: "hexpm", optional: false]}], "hexpm", "28b16e177123c688948357176662bf9ff9084daddf950ef5b6baf3ee93707064"},
  "efx": {:hex, :efx, "0.2.3", "30b03fa830a0c8951dfccd089fdf990346e25339234f3f17d7948f6c90f091b4", [:mix], [{:process_tree, "0.1.2", [hex: :process_tree, repo: "hexpm", optional: false]}, {:typed_struct, "~> 0.3.0", [hex: :typed_struct, repo: "hexpm", optional: false]}], "hexpm", "1b26695dd9de7beb9606e17e20bab3763cbf12e5abdc5eefc80c6a5a11af1280"},
  "elixir_make": {:hex, :elixir_make, "0.7.8", "505026f266552ee5aabca0b9f9c229cbb496c689537c9f922f3eb5431157efc7", [:mix], [{:castore, "~> 0.1 or ~> 1.0", [hex: :castore, repo: "hexpm", optional: true]}, {:certifi, "~> 2.0", [hex: :certifi, repo: "hexpm", optional: true]}], "hexpm", "7a71945b913d37ea89b06966e1342c85cfe549b15e6d6d081e8081c493062c07"},
  "ex_image_info": {:hex, :ex_image_info, "0.2.4", "610002acba43520a9b1cf1421d55812bde5b8a8aeaf1fe7b1f8823e84e762adb", [:mix], [], "hexpm", "fd1a7e02664e3b14dfd3b231d22fdd48bd3dd694c4773e6272b3a6228f1106bc"},
  "exqlite": {:hex, :exqlite, "0.19.0", "0f3ee29e35bed38552dd0ed59600aa81c78f867f5b5ff0e17d330148e0465483", [:make, :mix], [{:cc_precompiler, "~> 0.1", [hex: :cc_precompiler, repo: "hexpm", optional: false]}, {:db_connection, "~> 2.1", [hex: :db_connection, repo: "hexpm", optional: false]}, {:elixir_make, "~> 0.7", [hex: :elixir_make, repo: "hexpm", optional: false]}, {:table, "~> 0.1.0", [hex: :table, repo: "hexpm", optional: true]}], "hexpm", "55a8fbb0443f03d4a256e3458bd1203eff5037a6624b76460eaaa9080f462b06"},
  "exsync": {:hex, :exsync, "0.3.0", "39ab8b3d4e5fe779a34ad930135145283ebf56069513dfdfaad4e30a04b158c7", [:mix], [{:file_system, "~> 0.2", [hex: :file_system, repo: "hexpm", optional: false]}], "hexpm", "2030d085a14fa5f685d53d97171a21345dddaf2b67a0927263efc6b2cd2bb09f"},
  "file_system": {:hex, :file_system, "0.2.10", "fb082005a9cd1711c05b5248710f8826b02d7d1784e7c3451f9c1231d4fc162d", [:mix], [], "hexpm", "41195edbfb562a593726eda3b3e8b103a309b733ad25f3d642ba49696bf715dc"},
  "finch": {:hex, :finch, "0.18.0", "944ac7d34d0bd2ac8998f79f7a811b21d87d911e77a786bc5810adb75632ada4", [:mix], [{:castore, "~> 0.1 or ~> 1.0", [hex: :castore, repo: "hexpm", optional: false]}, {:mime, "~> 1.0 or ~> 2.0", [hex: :mime, repo: "hexpm", optional: false]}, {:mint, "~> 1.3", [hex: :mint, repo: "hexpm", optional: false]}, {:nimble_options, "~> 0.4 or ~> 1.0", [hex: :nimble_options, repo: "hexpm", optional: false]}, {:nimble_pool, "~> 0.2.6 or ~> 1.0", [hex: :nimble_pool, repo: "hexpm", optional: false]}, {:telemetry, "~> 0.4 or ~> 1.0", [hex: :telemetry, repo: "hexpm", optional: false]}], "hexpm", "69f5045b042e531e53edc2574f15e25e735b522c37e2ddb766e15b979e03aa65"},
  "font_metrics": {:hex, :font_metrics, "0.5.1", "10ce0b8b1bf092a2d3d307e05a7c433787ae8ca7cd1f3cf959995a628809a994", [:mix], [{:nimble_options, "~> 0.3", [hex: :nimble_options, repo: "hexpm", optional: false]}], "hexpm", "192e4288772839ae4dadccb0f5b1d5c89b73a0c3961ccea14b6181fdcd535e54"},
  "freedom_formatter": {:hex, :freedom_formatter, "2.1.0", "0578dce24ee370cfcd84306166fbf121b65e51482e7be7e96f4062982f929bfa", [:mix], [], "hexpm", "6522fd7f78214c48cfe7ff6d269a56819ec004a09cd1c08809a3ab895504ee01"},
  "gen_stage": {:hex, :gen_stage, "1.2.1", "19d8b5e9a5996d813b8245338a28246307fd8b9c99d1237de199d21efc4c76a1", [:mix], [], "hexpm", "83e8be657fa05b992ffa6ac1e3af6d57aa50aace8f691fcf696ff02f8335b001"},
  "gen_state_machine": {:hex, :gen_state_machine, "3.0.0", "1e57f86a494e5c6b14137ebef26a7eb342b3b0070c7135f2d6768ed3f6b6cdff", [:mix], [], "hexpm", "0a59652574bebceb7309f6b749d2a41b45fdeda8dbb4da0791e355dd19f0ed15"},
  "glob_ex": {:hex, :glob_ex, "0.1.8", "f7ef872877ca2ae7a792ab1f9ff73d9c16bf46ecb028603a8a3c5283016adc07", [:mix], [], "hexpm", "9e39d01729419a60a937c9260a43981440c43aa4cadd1fa6672fecd58241c464"},
  "hpax": {:hex, :hpax, "1.0.0", "28dcf54509fe2152a3d040e4e3df5b265dcb6cb532029ecbacf4ce52caea3fd2", [:mix], [], "hexpm", "7f1314731d711e2ca5fdc7fd361296593fc2542570b3105595bb0bc6d0fad601"},
  "input_event": {:hex, :input_event, "1.4.2", "8ad280387595110cf4ac4d92cfcfd2f5d61f7285084f35adc5feec077df23058", [:make, :mix], [{:elixir_make, "~> 0.6", [hex: :elixir_make, repo: "hexpm", optional: false]}], "hexpm", "eb12e3a5d83f2c570d965ad0a5de7bea7c9f387b425ae882c00f3a2a00971e3f"},
  "jason": {:hex, :jason, "1.4.4", "b9226785a9aa77b6857ca22832cffa5d5011a667207eb2a0ad56adb5db443b8a", [:mix], [{:decimal, "~> 1.0 or ~> 2.0", [hex: :decimal, repo: "hexpm", optional: true]}], "hexpm", "c5eb0cab91f094599f94d55bc63409236a8ec69a21a67814529e8d5f6cc90b3b"},
  "machete": {:hex, :machete, "0.3.3", "e5f4bad457abf8b9cb5f8d8449dc5739ef1f81225eb0e8e7059427d674e1727f", [:mix], [{:jason, "~> 1.4", [hex: :jason, repo: "hexpm", optional: false]}], "hexpm", "61c0d997c9c4d8104f954155860db2f8f7b342194e3bb5ae6b537944d3c5051c"},
  "mahaul": {:hex, :mahaul, "0.6.0", "39d5f67fd02a9f009dc9c2108316d32cdcad50114cf0a298bc084b551251a037", [:mix], [], "hexpm", "1c84f97b0fd39a5bbca1c29d9a4fec6dd90b99e4ca9759a760b25f40c280eba3"},
  "matcha": {:hex, :matcha, "0.1.10", "1a504638dae246bc4c60970632f448a7768d61d8e20833c717dce50a00d3d5c6", [:mix], [{:recon, ">= 2.3.0", [hex: :recon, repo: "hexpm", optional: false]}], "hexpm", "ea83b1753de38294191301483fbe34b97e812605205b89c581b97336c9b3e7eb"},
  "mime": {:hex, :mime, "2.0.6", "8f18486773d9b15f95f4f4f1e39b710045fa1de891fada4516559967276e4dc2", [:mix], [], "hexpm", "c9945363a6b26d747389aac3643f8e0e09d30499a138ad64fe8fd1d13d9b153e"},
  "mint": {:hex, :mint, "1.6.2", "af6d97a4051eee4f05b5500671d47c3a67dac7386045d87a904126fd4bbcea2e", [:mix], [{:castore, "~> 0.1.0 or ~> 1.0", [hex: :castore, repo: "hexpm", optional: true]}, {:hpax, "~> 0.1.1 or ~> 0.2.0 or ~> 1.0", [hex: :hpax, repo: "hexpm", optional: false]}], "hexpm", "5ee441dffc1892f1ae59127f74afe8fd82fda6587794278d924e4d90ea3d63f9"},
  "mneme": {:hex, :mneme, "0.1.6", "4bf5ceb1416fec37e62e1dc4ae13208264f1a0950c2b76789b056686e701de76", [:mix], [{:nimble_options, "~> 0.5.2", [hex: :nimble_options, repo: "hexpm", optional: false]}, {:owl, "~> 0.6.0", [hex: :owl, repo: "hexpm", optional: false]}, {:rewrite, "~> 0.6.0", [hex: :rewrite, repo: "hexpm", optional: false]}, {:sourceror, "~> 0.12", [hex: :sourceror, repo: "hexpm", optional: false]}], "hexpm", "03f084aae3364dc755177e54a1753a28e146faaa29306d83b6bf65bc2898f8cd"},
  "muontrap": {:hex, :muontrap, "1.5.0", "bf5c273872379968615a39974458328209ac97fa1f588396192131ff973d1ca2", [:make, :mix], [{:elixir_make, "~> 0.6", [hex: :elixir_make, repo: "hexpm", optional: false]}], "hexpm", "daf605e877f60b5be9215e3420d7971fc468677b29921e40915b15fd928273d4"},
  "nimble_csv": {:hex, :nimble_csv, "1.2.0", "4e26385d260c61eba9d4412c71cea34421f296d5353f914afe3f2e71cce97722", [:mix], [], "hexpm", "d0628117fcc2148178b034044c55359b26966c6eaa8e2ce15777be3bbc91b12a"},
  "nimble_options": {:hex, :nimble_options, "0.5.2", "42703307b924880f8c08d97719da7472673391905f528259915782bb346e0a1b", [:mix], [], "hexpm", "4da7f904b915fd71db549bcdc25f8d56f378ef7ae07dc1d372cbe72ba950dce0"},
  "nimble_parsec": {:hex, :nimble_parsec, "1.4.0", "51f9b613ea62cfa97b25ccc2c1b4216e81df970acd8e16e8d1bdc58fef21370d", [:mix], [], "hexpm", "9c565862810fb383e9838c1dd2d7d2c437b3d13b267414ba6af33e50d2d1cf28"},
  "nimble_pool": {:hex, :nimble_pool, "1.1.0", "bf9c29fbdcba3564a8b800d1eeb5a3c58f36e1e11d7b7fb2e084a643f645f06b", [:mix], [], "hexpm", "af2e4e6b34197db81f7aad230c1118eac993acc0dae6bc83bac0126d4ae0813a"},
  "nimble_strftime": {:hex, :nimble_strftime, "0.1.1", "b988184d1bd945bc139b2c27dd00a6c0774ec94f6b0b580083abd62d5d07818b", [:mix], [], "hexpm", "89e599c9b8b4d1203b7bb5c79eb51ef7c6a28fbc6228230b312f8b796310d755"},
  "owl": {:hex, :owl, "0.6.1", "ca23ea35b944889d876d22dd2c31a94d367ede7565c110fc2283521932a23507", [:mix], [], "hexpm", "2d07fca81c22e8ccbc84942cc69d7292b8c2bf5431ec7b6256e4af0722811b0d"},
  "phoenix_pubsub": {:hex, :phoenix_pubsub, "2.1.3", "3168d78ba41835aecad272d5e8cd51aa87a7ac9eb836eabc42f6e57538e3731d", [:mix], [], "hexpm", "bba06bc1dcfd8cb086759f0edc94a8ba2bc8896d5331a1e2c2902bf8e36ee502"},
  "process_tree": {:hex, :process_tree, "0.1.2", "26218b086f5a2265a5c7a24050acd8b7416702633518f423ddde3cf38c6ff3cf", [:mix], [], "hexpm", "e5d0876a23cc7f0062f14f43c3a07de71e063d876bb256ab32055c9131f8f9aa"},
  "property_table": {:hex, :property_table, "0.2.5", "72567da62711d0b8b517990eadbe76685e5b02ed90ad5a2e48ae6f3a7922cf64", [:mix], [], "hexpm", "abfd4ce4dd9a7a6d39c0a35b177c09dc9aba5af0eb1f93cc28919e31d5f8bbab"},
  "quantum": {:hex, :quantum, "3.5.3", "ee38838a07761663468145f489ad93e16a79440bebd7c0f90dc1ec9850776d99", [:mix], [{:crontab, "~> 1.1", [hex: :crontab, repo: "hexpm", optional: false]}, {:gen_stage, "~> 0.14 or ~> 1.0", [hex: :gen_stage, repo: "hexpm", optional: false]}, {:telemetry, "~> 0.4.3 or ~> 1.0", [hex: :telemetry, repo: "hexpm", optional: false]}, {:telemetry_registry, "~> 0.2", [hex: :telemetry_registry, repo: "hexpm", optional: false]}], "hexpm", "500fd3fa77dcd723ed9f766d4a175b684919ff7b6b8cfd9d7d0564d58eba8734"},
  "recon": {:hex, :recon, "2.5.5", "c108a4c406fa301a529151a3bb53158cadc4064ec0c5f99b03ddb8c0e4281bdf", [:mix, :rebar3], [], "hexpm", "632a6f447df7ccc1a4a10bdcfce71514412b16660fe59deca0fcf0aa3c054404"},
  "req": {:hex, :req, "0.5.6", "8fe1eead4a085510fe3d51ad854ca8f20a622aae46e97b302f499dfb84f726ac", [:mix], [{:brotli, "~> 0.3.1", [hex: :brotli, repo: "hexpm", optional: true]}, {:ezstd, "~> 1.0", [hex: :ezstd, repo: "hexpm", optional: true]}, {:finch, "~> 0.17", [hex: :finch, repo: "hexpm", optional: false]}, {:jason, "~> 1.0", [hex: :jason, repo: "hexpm", optional: false]}, {:mime, "~> 2.0.6 or ~> 2.1", [hex: :mime, repo: "hexpm", optional: false]}, {:nimble_csv, "~> 1.0", [hex: :nimble_csv, repo: "hexpm", optional: true]}, {:plug, "~> 1.0", [hex: :plug, repo: "hexpm", optional: true]}], "hexpm", "cfaa8e720945d46654853de39d368f40362c2641c4b2153c886418914b372185"},
  "rewrite": {:hex, :rewrite, "0.6.3", "d0066a47ee0dfd807f8ec9bfe2933a2e6ec06eb070af26ebb881e8bd1f75b4b3", [:mix], [{:glob_ex, "~> 0.1", [hex: :glob_ex, repo: "hexpm", optional: false]}, {:sourceror, "~> 0.12", [hex: :sourceror, repo: "hexpm", optional: false]}], "hexpm", "e0b0e3b6bbeddce9e16e04fb9b024fd82cd75369bd94bc27351458303e831bc2"},
  "scenic": {:hex, :scenic, "0.11.2", "5d29aac74ee85899651716af47f72d167d064939fc2b4e514cd7c43810293cda", [:make, :mix], [{:elixir_make, "~> 0.7.7", [hex: :elixir_make, repo: "hexpm", optional: false]}, {:ex_image_info, "~> 0.2.4", [hex: :ex_image_info, repo: "hexpm", optional: false]}, {:font_metrics, "~> 0.5.0", [hex: :font_metrics, repo: "hexpm", optional: false]}, {:nimble_options, "~> 0.3.4 or ~> 0.4.0 or ~> 0.5.0 or ~> 1.0", [hex: :nimble_options, repo: "hexpm", optional: false]}, {:truetype_metrics, "~> 0.6", [hex: :truetype_metrics, repo: "hexpm", optional: false]}], "hexpm", "6f846cfe8457163d28ad6b8b147d251bd15524c249ddad3e75608cbdb739beaa"},
  "scenic_driver_local": {:hex, :scenic_driver_local, "0.11.0", "c26f7665c3d4aa634a0f8873bd958cb3bfcc99cb96e2381422de3e78d244357c", [:make, :mix], [{:elixir_make, "~> 0.6", [hex: :elixir_make, repo: "hexpm", optional: false]}, {:input_event, "~> 0.4 or ~> 1.0", [hex: :input_event, repo: "hexpm", optional: false]}, {:scenic, "~> 0.11.0", [hex: :scenic, repo: "hexpm", optional: false]}], "hexpm", "77b27b82a8fe41d5fade5c88cf413af098d3f3d56717c988097e7902ab9b9d03"},
  "scenic_live_reload": {:hex, :scenic_live_reload, "0.3.1", "36ac866c7b0f31eda1805fb53d2535ee97cff81986efaded57adeba74ab25b49", [:mix], [{:exsync, "~> 0.2", [hex: :exsync, repo: "hexpm", optional: false]}, {:scenic, "~> 0.11", [hex: :scenic, repo: "hexpm", optional: false]}], "hexpm", "24b0c52722f61fcc19edf3ad135a0693d2cea5f191acbfb26955c27c882ba519"},
  "scenic_widget_contrib": {:git, "https://github.com/axelson/scenic-widget-contrib.git", "a6fd6b550f4530415cbaad4b71655346d30660fc", [branch: "jax"]},
  "sourceror": {:hex, :sourceror, "0.14.1", "c6fb848d55bd34362880da671debc56e77fd722fa13b4dcbeac89a8998fc8b09", [:mix], [], "hexpm", "8b488a219e4c4d7d9ff29d16346fd4a5858085ccdd010e509101e226bbfd8efc"},
  "telemetry": {:hex, :telemetry, "1.2.1", "68fdfe8d8f05a8428483a97d7aab2f268aaff24b49e0f599faa091f1d4e7f61c", [:rebar3], [], "hexpm", "dad9ce9d8effc621708f99eac538ef1cbe05d6a874dd741de2e689c47feafed5"},
  "telemetry_registry": {:hex, :telemetry_registry, "0.3.2", "701576890320be6428189bff963e865e8f23e0ff3615eade8f78662be0fc003c", [:mix, :rebar3], [{:telemetry, "~> 1.0", [hex: :telemetry, repo: "hexpm", optional: false]}], "hexpm", "e7ed191eb1d115a3034af8e1e35e4e63d5348851d556646d46ca3d1b4e16bab9"},
  "truetype_metrics": {:hex, :truetype_metrics, "0.6.1", "9119a04dc269dd8f63e85e12e4098f711cb7c5204a420f4896f40667b9e064f6", [:mix], [{:font_metrics, "~> 0.5", [hex: :font_metrics, repo: "hexpm", optional: false]}], "hexpm", "5711d4a3e4fc92eb073326fbe54208925d35168dc9b288c331ee666a8a84759b"},
  "typed_struct": {:hex, :typed_struct, "0.3.0", "939789e3c1dca39d7170c87f729127469d1315dcf99fee8e152bb774b17e7ff7", [:mix], [], "hexpm", "c50bd5c3a61fe4e198a8504f939be3d3c85903b382bde4865579bc23111d1b6d"},
  "vintage_net": {:hex, :vintage_net, "0.13.5", "b02cbb44434eba68d8e991e7c9a75d491da73c3073ff4823843e66f451d6f088", [:make, :mix], [{:beam_notify, "~> 0.2.0 or ~> 1.0", [hex: :beam_notify, repo: "hexpm", optional: false]}, {:elixir_make, "~> 0.6", [hex: :elixir_make, repo: "hexpm", optional: false]}, {:gen_state_machine, "~> 2.0.0 or ~> 2.1.0 or ~> 3.0.0", [hex: :gen_state_machine, repo: "hexpm", optional: false]}, {:muontrap, "~> 0.5.1 or ~> 0.6.0 or ~> 1.0", [hex: :muontrap, repo: "hexpm", optional: false]}, {:property_table, "~> 0.2.0", [hex: :property_table, repo: "hexpm", optional: false]}], "hexpm", "67e04b8eaa40600bbea4902aba363792598b31cf144f6033d93d7662b60519ad"},
  "zoneinfo": {:hex, :zoneinfo, "0.1.8", "add41f44e6f19d4d16d9eebe3261d6307c58bdbe7cc61ffb7b18cad346b0467f", [:mix], [], "hexpm", "3999755971bbf85f0c8c75a724be560199bb63406660585849f0eb680e2333f7"},
}
